version = 1
revision = 3
requires-python = ">=3.10"

[[package]]
name = "ascii-generator"
version = "0.1.0"
source = { virtual = "." }
dependencies = [
    { name = "datetime" },
    { name = "pillow" },
]

[package.metadata]
requires-dist = [
    { name = "datetime" },
    { name = "pillow", specifier = ">=12.3.0" },
]

[[package]]
name = "datetime"
version = "6.0"
source = { registry = "https://pypi.org/simple" }
dependencies = [
    { name = "pytz" },
    { name = "zope-interface" },
]
sdist = { url = "https://files.pythonhosted.org/packages/77/32/decbfd165e9985ba9d8c2d34a39afe5aeba2fc3fe390eb6e9ef1aab98fa8/datetime-6.0.tar.gz", hash = "sha256:c1514936d2f901e10c8e08d83bf04e6c9dbd7ca4f244da94fec980980a3bc4d5", size = 64167, upload-time = "2025-11-25T08:00:34.586Z" }
wheels = [
    { url = "https://files.pythonhosted.org/packages/cf/7a/ea0f3e3ea74be36fc7cf54f966cde732a3de72697983cdb5646b0a4dacde/datetime-6.0-py3-none-any.whl", hash = "sha256:d19988f0657a4e72c9438344157254a8dcad6aea8cd5ae70a5d1b5a75e5dc930", size = 52637, upload-time = "2025-11-25T08:00:33.077Z" },
]

[[package]]
name = "pillow"
version = "12.3.0"
source = { registry = "https://pypi.org/simple" }
sdist = { url = "https://files.pythonhosted.org/packages/1c/3d/bb7fca845737cf9d7dbde16ed1843984665ff2e0a518f5db43e77ec540b9/pillow-12.3.0.tar.gz", hash = "sha256:3b8182a766685eaa002637e28b4ec8d6b18819a0c71f579bf0dbaa5830297cce", size = 47025035, upload-time = "2026-07-01T11:56:38.965Z" }
wheels = [
    { url = "https://files.pythonhosted.org/packages/25/c2/669d88644cddb1485bd9534e63e8cf476c8e51cb3c3a1297677023505c0e/pillow-12.3.0-cp310-cp310-macosx_10_10_x86_64.whl", hash = "sha256:6c0016e7b354317c4e9e525b937ac8596c38d2d232b419529b9cd7a1cd46e39a", size = 5392418, upload-time = "2026-07-01T11:53:27.808Z" },
    { url = "https://files.pythonhosted.org/packages/6b/ba/3762f376a2948e3036488d773a146e0ae6ecc2ca03ac20e2615bd0b2ba02/pillow-12.3.0-cp310-cp310-macosx_11_0_arm64.whl", hash = "sha256:bcc33feacfaefce60c12fd500a277533bdc02b10a19f7f6d348763d8140bbba7", size = 4785287, upload-time = "2026-07-01T11:53:29.761Z" },
    { url = "https://files.pythonhosted.org/packages/07/50/b5d688cc9c52d4482f3d5bcab6ce20bc2a74a85d2343841c907444a3be2c/pillow-12.3.0-cp310-cp310-manylinux_2_27_aarch64.manylinux_2_28_aarch64.whl", hash = "sha256:5594fc43d548a7ed94949d139aa1341b270f1863f11cfd37f5a6c8b778a6b67f", size = 6253754, upload-time = "2026-07-01T11:53:32.298Z" },
    { url = "https://files.pythonhosted.org/packages/4e/89/36f4cd76cf4baf05c50ababb976249153f18c959171c7f6ba09a6f217260/pillow-12.3.0-cp310-cp310-manylinux_2_27_x86_64.manylinux_2_28_x86_64.whl", hash = "sha256:f0606c8bf2cdefea14a43530f7657cbbb7ecf1c4222512492ef4a4434a9501ec", size = 6925605, upload-time = "2026-07-01T11:53:34.487Z" },
    { url = "https://files.pythonhosted.org/packages/eb/c0/4de58cf6633b9e3a6061ef4be6fb91fc3c90b812ece886f531e3c523d777/pillow-12.3.0-cp310-cp310-musllinux_1_2_aarch64.whl", hash = "sha256:85f998ea1848bc6757289e739cfbdda3a04adfd58b02fc018ce54d754a5ce468", size = 6327788, upload-time = "2026-07-01T11:53:36.433Z" },
    { url = "https://files.pythonhosted.org/packages/87/3c/14d53682a19550dbbaf3b598f807d5457646c510805a44c7d7891cd1cd1a/pillow-12.3.0-cp310-cp310-musllinux_1_2_x86_64.whl", hash = "sha256:25b9b82bb22e6e2b3cd07b39c68b7b862001226cb3dff7130d1cb914121b39ed", size = 7036288, upload-time = "2026-07-01T11:53:38.712Z" },
    { url = "https://files.pythonhosted.org/packages/38/1d/36279e3c77efe034e4cc2b0393ee74ffdb5a62391dacbf9b916154f5f0b8/pillow-12.3.0-cp310-cp310-win32.whl", hash = "sha256:37dc8f7bbb66efe481bb60defacef820c950c24713fb44962ed6aa2a50966de1", size = 6472396, upload-time = "2026-07-01T11:53:40.781Z" },
    { url = "https://files.pythonhosted.org/packages/48/7c/8fa0039574c476d7c6fa57dd7c32a130436877c6ec1e5ce1cc8ec44878c1/pillow-12.3.0-cp310-cp310-win_amd64.whl", hash = "sha256:300557495eb45ebb8aec96c2da9c4be642fbf7cd937278b4013ba894ea8eb0eb", size = 7226887, upload-time = "2026-07-01T11:53:42.764Z" },
    { url = "https://files.pythonhosted.org/packages/fa/17/e324be141d173c1c919428066c3259f21c1b8982e564e01a4a81e96dbdcf/pillow-12.3.0-cp310-cp310-win_arm64.whl", hash = "sha256:514435a37670e3e5e08f3945b68718b6ed329bb84367777e16f9f4dfe1e61a0f", size = 2568039, upload-time = "2026-07-01T11:53:45.372Z" },
    { url = "https://files.pythonhosted.org/packages/fb/c8/0a78b0e02d7ac54bc03e5321c9220da52f0c2ea83b21f7c40e7f3169c502/pillow-12.3.0-cp311-cp311-macosx_10_10_x86_64.whl", hash = "sha256:00808c5e14ef63ac5161091d242999076604ff74b883423a11e5d7bbb38bf756", size = 5392415, upload-time = "2026-07-01T11:53:47.162Z" },
    { url = "https://files.pythonhosted.org/packages/b2/5b/a02d30018abd97ced9f5a6c63d28597694a00d066516b9c1c6de45859fc9/pillow-12.3.0-cp311-cp311-macosx_11_0_arm64.whl", hash = "sha256:37d6d0a00072fd2948eb22bce7e1475f34569d90c87c59f7a2ec59541b77f7a6", size = 4785266, upload-time = "2026-07-01T11:53:49.079Z" },
    { url = "https://files.pythonhosted.org/packages/c8/98/766667a4be768150a202836acd9fad19c06824ca86c4286d3cf6b274964e/pillow-12.3.0-cp311-cp311-manylinux_2_27_aarch64.manylinux_2_28_aarch64.whl", hash = "sha256:bcb46e2f9feff8d06323983bd83ed00c201fdcab3d74973e7072a889b3979fcd", size = 6263814, upload-time = "2026-07-01T11:53:51.32Z" },
    { url = "https://files.pythonhosted.org/packages/3b/2d/ede717bc1144f63886c21fd349bb95860b0d1a21149ff16f2bb362b612b6/pillow-12.3.0-cp311-cp311-manylinux_2_27_x86_64.manylinux_2_28_x86_64.whl", hash = "sha256:23d27a3e0307ec2244cc51e7287b919aa68d097504ebe19df4e76a98a3eea5bd", size = 6934408, upload-time = "2026-07-01T11:53:53.487Z" },
    { url = "https://files.pythonhosted.org/packages/a3/48/9c58b685e69d49c31af6c8eb9012055fab7e665785165c84796e2c73ce72/pillow-12.3.0-cp311-cp311-musllinux_1_2_aarch64.whl", hash = "sha256:4f883547d4b7f0495ebe7056b0cc2aea76094e7a4abc8e933540f3271df27d9c", size = 6337160, upload-time = "2026-07-01T11:53:55.457Z" },
    { url = "https://files.pythonhosted.org/packages/ff/fa/dc2a5c0ba6df93f67c31d34b808b7ce440b40cdbf96f0b81cde1d1e6fa93/pillow-12.3.0-cp311-cp311-musllinux_1_2_x86_64.whl", hash = "sha256:236ff70b9312fb68943c703aa842ca6a758abfa45ac187a5e7c1452e96ef72b5", size = 7045172, upload-time = "2026-07-01T11:53:57.736Z" },
    { url = "https://files.pythonhosted.org/packages/86/a5/444817a4d4c4c2417df00513086ca196f388d8f9ef40c2e4ccd1ad1af54b/pillow-12.3.0-cp311-cp311-win32.whl", hash = "sha256:10e41f0fbf1eec8cfd234b8fe17a4caac7c9d0db4c204d3c173a8f9f6ef3232b", size = 6472232, upload-time = "2026-07-01T11:53:59.767Z" },
    { url = "https://files.pythonhosted.org/packages/63/c6/4bad1b18d132a50b27e1365e1ab163616f7a5bb56d330f66f9d1d9d4f9d4/pillow-12.3.0-cp311-cp311-win_amd64.whl", hash = "sha256:8e95e1385e4998ae9694eeaa4730ba5457ff61185b3a55e2e7bea0880aef452a", size = 7233653, upload-time = "2026-07-01T11:54:02.066Z" },
    { url = "https://files.pythonhosted.org/packages/fd/16/00f91ab7760dc842f5aad55217e80fc4a7067a0604535249bc8a2d6d9870/pillow-12.3.0-cp311-cp311-win_arm64.whl", hash = "sha256:ebaea975e03d3141d9d3a507df75c9b3ec90fa9d2ffd07567b3a978d9d790b26", size = 2568195, upload-time = "2026-07-01T11:54:04.622Z" },
    { url = "https://files.pythonhosted.org/packages/37/bf/fb3ebff8ddcb76aac5a01389251bbbb9519922a9b520d8247c1ca864a25d/pillow-12.3.0-cp312-cp312-macosx_10_13_x86_64.whl", hash = "sha256:ba09209fbe443b4acccebe845d8a138b89a8f4fbaeedd44953490b5315d5e965", size = 5345969, upload-time = "2026-07-01T11:54:06.397Z" },
    { url = "https://files.pythonhosted.org/packages/d8/66/9a386a92561f402389a4fc70c18838bf6d35eb5eb5c6850b4b2dc64f5048/pillow-12.3.0-cp312-cp312-macosx_11_0_arm64.whl", hash = "sha256:ffd0c5368496f41b0944be820fcb7a838aa6e623d250b01acf2643939c3f99d7", size = 4780323, upload-time = "2026-07-01T11:54:09.351Z" },
    { url = "https://files.pythonhosted.org/packages/25/27/ac8f99618ffd3dde21db0f4d4b1d2ab00c0880595bfd17df103f7f39fd0c/pillow-12.3.0-cp312-cp312-manylinux_2_27_aarch64.manylinux_2_28_aarch64.whl", hash = "sha256:d9c7f76c0673154f044e9d78c8655fb4213f6ca31a836df48b40fe5d187717b9", size = 6266838, upload-time = "2026-07-01T11:54:11.71Z" },
    { url = "https://files.pythonhosted.org/packages/84/21/a35af28dcc61f37ed850a2d64c65c701321dfbf25085e469d5559360cbbf/pillow-12.3.0-cp312-cp312-manylinux_2_27_x86_64.manylinux_2_28_x86_64.whl", hash = "sha256:78cb2c6865a35ab8ff8b75fd122f6033b92a62c82801110e48ddd6c936a45d91", size = 6940830, upload-time = "2026-07-01T11:54:13.732Z" },
    { url = "https://files.pythonhosted.org/packages/eb/51/8b08617af3ad95e33ce6d7dd2c99ed6c8298f7fb131636303956be022e25/pillow-12.3.0-cp312-cp312-musllinux_1_2_aarch64.whl", hash = "sha256:e491916b378fba47242221bb9ead245211b70d504f495d105d17b14a24b4907c", size = 6344383, upload-time = "2026-07-01T11:54:15.756Z" },
    { url = "https://files.pythonhosted.org/packages/1d/72/cf78ac9780bb93c28328f408973845a309d4d145041665f734572ced1b52/pillow-12.3.0-cp312-cp312-musllinux_1_2_x86_64.whl", hash = "sha256:0dd2064cbc55aaec028ef5fbb60fa47bb6c3e7918e07ff17935284b227a9d2df", size = 7052934, upload-time = "2026-07-01T11:54:17.721Z" },
    { url = "https://files.pythonhosted.org/packages/20/20/25e0f4dc178a6bc0696793720055519a0de89e7661dae886992decbd2f81/pillow-12.3.0-cp312-cp312-win32.whl", hash = "sha256:dbce0b29841537a2fa4a214c2bbf14de3587c9680caa9b4e217568472490b28f", size = 6472684, upload-time = "2026-07-01T11:54:19.839Z" },
    { url = "https://files.pythonhosted.org/packages/45/89/da2f7971a317f83d807fdd4065c0af40208e59e692cc43d315a71a0e96d1/pillow-12.3.0-cp312-cp312-win_amd64.whl", hash = "sha256:a2b55dd6b2a4c4b7d87ffa56bdb33fdc5fdb9a462173861a7bc097f17d91cb09", size = 7227137, upload-time = "2026-07-01T11:54:22.025Z" },
    { url = "https://files.pythonhosted.org/packages/de/47/4845a0a6c0dbf1db8456bd9fc791f13c5ced7ced20606d08a0aacfd25b49/pillow-12.3.0-cp312-cp312-win_arm64.whl", hash = "sha256:331b624368d4f1d069149002f25f44bc61c8919ce8ddb3c45bdad8f6e2d89510", size = 2568267, upload-time = "2026-07-01T11:54:24.051Z" },
    { url = "https://files.pythonhosted.org/packages/9d/ac/31fb64e1e7efb5a4b50cd3d92049ba89ac6e4d8d3bb6a74e15048ca3353e/pillow-12.3.0-cp313-cp313-ios_13_0_arm64_iphoneos.whl", hash = "sha256:21900ce7ba264168cd50defae43cd75d25c833ad4ad6e73ffc5596d12e25ac89", size = 4161684, upload-time = "2026-07-01T11:54:25.934Z" },
    { url = "https://files.pythonhosted.org/packages/87/b4/9805e23d2b4d77842b468513841fda254ee42f0289d25088340e4ff46e2d/pillow-12.3.0-cp313-cp313-ios_13_0_arm64_iphonesimulator.whl", hash = "sha256:4e8c2a84d977f50b9daed6eeaf3baef67d00d5d74d932288f02cb94518ee3ace", size = 4255487, upload-time = "2026-07-01T11:54:27.935Z" },
    { url = "https://files.pythonhosted.org/packages/df/39/ecf519435a200c693fe053a6ee4d835b41cf963a4dfc2551c4e637cb2a71/pillow-12.3.0-cp313-cp313-ios_13_0_x86_64_iphonesimulator.whl", hash = "sha256:ae26d61dfa7a47befdc7572b521024e8745f3d809bd95ca9505a7bba9ef849ec", size = 3696433, upload-time = "2026-07-01T11:54:29.813Z" },
    { url = "https://files.pythonhosted.org/packages/42/92/2fc3ffad878ae8dd5469ec1bc8eb83b71f48e13efdf68f02709003982a32/pillow-12.3.0-cp313-cp313-macosx_10_13_x86_64.whl", hash = "sha256:7a743ff716f746fc19a9557f60dab1600d4613255f8a7aeb3cdde4db7eb15a66", size = 5345889, upload-time = "2026-07-01T11:54:31.97Z" },
    { url = "https://files.pythonhosted.org/packages/10/76/8803c13605b763d33d156c4678fc77f8443389c0c51c8aef707bb02015f4/pillow-12.3.0-cp313-cp313-macosx_11_0_arm64.whl", hash = "sha256:d69141514cc30b774ceea5e3ed3a6635c8d8a96edf664689b890f4089111fb35", size = 4780109, upload-time = "2026-07-01T11:54:34.026Z" },
    { url = "https://files.pythonhosted.org/packages/1f/01/e18aff37cb0b4aac47ac90f016d347a49aca667ef97f190b06ac2aabc928/pillow-12.3.0-cp313-cp313-manylinux_2_27_aarch64.manylinux_2_28_aarch64.whl", hash = "sha256:f7401aebd7f581d7f83a439d87d474999317ee099218e5ad25d125290990ba65", size = 6263736, upload-time = "2026-07-01T11:54:36.131Z" },
    { url = "https://files.pythonhosted.org/packages/f7/62/de5bdd77d935331f4f802edc11e4d82950f642caad6cb2f949837b8560e2/pillow-12.3.0-cp313-cp313-manylinux_2_27_x86_64.manylinux_2_28_x86_64.whl", hash = "sha256:0847a763afefb695bc912d7c131e7e0632d4edc1d8698f58ddabec8e46b8b6d3", size = 6937129, upload-time = "2026-07-01T11:54:38.216Z" },
    { url = "https://files.pythonhosted.org/packages/70/4d/105627a13300c5e0df1d174230b32fd1273062c96f7745fd552b945d1e1d/pillow-12.3.0-cp313-cp313-musllinux_1_2_aarch64.whl", hash = "sha256:571b9fcb07b97ef3a492028fb3d2dc0993ca23a06138b0315286566d29ef718a", size = 6339562, upload-time = "2026-07-01T11:54:40.354Z" },
    { url = "https://files.pythonhosted.org/packages/6b/1d/f13de01a553988ab895ba1c722e06cf3144d4f57656fd5b81b6d881f1179/pillow-12.3.0-cp313-cp313-musllinux_1_2_x86_64.whl", hash = "sha256:756c768d0c9c2955feb7a56c37ea24aea2e369f8d36a88da270b6a9f19e62b5e", size = 7049439, upload-time = "2026-07-01T11:54:42.489Z" },
    { url = "https://files.pythonhosted.org/packages/c9/f9/066794cca041b969964f779ee5fa66a9498bbf34248ac39c5d7954e4198f/pillow-12.3.0-cp313-cp313-win32.whl", hash = "sha256:a876864214e136f0eb367788dbd7df045f4806801518e2cfe9e13229cfe06d8f", size = 6473287, upload-time = "2026-07-01T11:54:44.9Z" },
    { url = "https://files.pythonhosted.org/packages/a6/9b/7a58e61d62be561da3a356fe2384d4059a6345fc130e23ef1c36a5b81d24/pillow-12.3.0-cp313-cp313-win_amd64.whl", hash = "sha256:1cca606cd25738df4ed873d5ad46bbdb3d83b5cbca291f6b4ff13a4df6b0bbe8", size = 7239691, upload-time = "2026-07-01T11:54:47.141Z" },
    { url = "https://files.pythonhosted.org/packages/aa/b0/c4ed4f0ef8f8fa5ee8351537db6650bb8189f7e118842978dd6589065692/pillow-12.3.0-cp313-cp313-win_arm64.whl", hash = "sha256:b629de27fda84b42cde7edef0d85f13b958b47f6e9bbcbba9b673c562a89bd8b", size = 2568185, upload-time = "2026-07-01T11:54:49.137Z" },
    { url = "https://files.pythonhosted.org/packages/dc/01/001f65b68192f0228cc1dbbc8d2530ab5d58b61037ba0587f946fea607cd/pillow-12.3.0-cp314-cp314-ios_13_0_arm64_iphoneos.whl", hash = "sha256:9cf95fe4d0f84c82d282745d9bb08ad9f926efa00be4697e767b814ce40d4330", size = 4161736, upload-time = "2026-07-01T11:54:51.156Z" },
    { url = "https://files.pythonhosted.org/packages/1a/d2/0219746d0fd16fc8a84498e79452375be3797d3ce4044596ce565164b84f/pillow-12.3.0-cp314-cp314-ios_13_0_arm64_iphonesimulator.whl", hash = "sha256:8728f216dcdb6e6d555cf971cb34076139ad74b31fc2c14da4fafc741c5f6217", size = 4255435, upload-time = "2026-07-01T11:54:53.414Z" },
    { url = "https://files.pythonhosted.org/packages/c8/02/8d0bc62ef0302318c46ff2a512822d2610e81c7aa46c9b3abe6cbaca5ad0/pillow-12.3.0-cp314-cp314-ios_13_0_x86_64_iphonesimulator.whl", hash = "sha256:a45650e8ce7fafffd731db8550230db6b0d306d181a90b67d3e6bca2f1990930", size = 3696262, upload-time = "2026-07-01T11:54:55.739Z" },
    { url = "https://files.pythonhosted.org/packages/85/e2/73c77d218410b14f5f2d565e8a998d5317b7b9c75368d29985139f7a46f0/pillow-12.3.0-cp314-cp314-macosx_10_15_x86_64.whl", hash = "sha256:ba54cfebe86920a559a7c4d6b9050791c20513650a1952ebe3368c7dc70306f8", size = 5350344, upload-time = "2026-07-01T11:54:57.657Z" },
    { url = "https://files.pythonhosted.org/packages/c7/da/32c752228ae345f489e3a42499d817b6c3996da7e8a3bc7a04fc806b243b/pillow-12.3.0-cp314-cp314-macosx_11_0_arm64.whl", hash = "sha256:e158cb00350dc278f3b91551101aa7d12415a66ebf2c91d8d5ac14e56ddd3ad0", size = 4780131, upload-time = "2026-07-01T11:54:59.713Z" },
    { url = "https://files.pythonhosted.org/packages/b1/9d/8b2c807dbef61a5197c047afe99823787eb66f63daf9fb2432f91d6f0462/pillow-12.3.0-cp314-cp314-manylinux_2_27_aarch64.manylinux_2_28_aarch64.whl", hash = "sha256:e9aeb04d6aef139de265b29683e119b638208f88cf73cdd1658aa07221165321", size = 6263757, upload-time = "2026-07-01T11:55:01.778Z" },
    { url = "https://files.pythonhosted.org/packages/5c/44/c85361f65dbe00eea8576ee467c768d25129989efb76e94f205e9ca9bb46/pillow-12.3.0-cp314-cp314-manylinux_2_27_x86_64.manylinux_2_28_x86_64.whl", hash = "sha256:251bf95b67017e27b13d82f5b326234ca62d70f9cf4c2b9032de2358a3b12c7b", size = 6936962, upload-time = "2026-07-01T11:55:03.93Z" },
    { url = "https://files.pythonhosted.org/packages/18/7e/e483414b35800b86b6f08dbbc7803fb5cd52c4d6f897f47d53ea2c7e6f65/pillow-12.3.0-cp314-cp314-musllinux_1_2_aarch64.whl", hash = "sha256:fe3cca2e4e8a592be0f269a1ca4835c25199d9f3ce815c8491048f785b0a0198", size = 6339171, upload-time = "2026-07-01T11:55:05.989Z" },
    { url = "https://files.pythonhosted.org/packages/f0/f4/68c491844841ede6bed70189546b3ee9731cf9f2cbad396faff5e1ccba45/pillow-12.3.0-cp314-cp314-musllinux_1_2_x86_64.whl", hash = "sha256:23aceaa007d6172b02c277f0cd359c79492bbb14f7072b4ede9fbcaf20648130", size = 7048116, upload-time = "2026-07-01T11:55:08.131Z" },
    { url = "https://files.pythonhosted.org/packages/a3/34/77f3f793fed8efc7d243f21b33c5a3f0d1c97ee70346d3db855587e155ff/pillow-12.3.0-cp314-cp314-win32.whl", hash = "sha256:af8d94b0db561cf68b88a267c5c44b49e134f525d0dc2cb7ed413a66bc23559a", size = 6467209, upload-time = "2026-07-01T11:55:10.408Z" },
    { url = "https://files.pythonhosted.org/packages/f1/e0/492879f69d94f91f60fc8cd05ba03650e9520afebb2fb7aa12777d7c7f38/pillow-12.3.0-cp314-cp314-win_amd64.whl", hash = "sha256:fdafc9cce40277e0f7a0feabce0ee50dd2fa1800f3b38015e51296b5e814048d", size = 7237707, upload-time = "2026-07-01T11:55:12.745Z" },
    { url = "https://files.pythonhosted.org/packages/c9/ac/6b11f2875f1c2ac040d84e1bbf9cf22a88038f901ca1037898b280b38365/pillow-12.3.0-cp314-cp314-win_arm64.whl", hash = "sha256:e91206ee562682b51b98ef4b26a6ef48fd84e15fd4c4bc5ec768eb641d206838", size = 2565995, upload-time = "2026-07-01T11:55:14.736Z" },
    { url = "https://files.pythonhosted.org/packages/52/69/c2208e56af9bfc1913afb24020297a691eb1d4ef688474c8a04913f65e04/pillow-12.3.0-cp314-cp314t-macosx_10_15_x86_64.whl", hash = "sha256:164b31cd1a0490ab6efae01aa5df49da7061be0af1b30e035b6e9a1bfe34ee6e", size = 5352503, upload-time = "2026-07-01T11:55:17.076Z" },
    { url = "https://files.pythonhosted.org/packages/07/70/e5686d753e898a45d778ff1718dba8516ead6ab6b95d85fc8c4b70650cf2/pillow-12.3.0-cp314-cp314t-macosx_11_0_arm64.whl", hash = "sha256:5afb51d599ea772b8365ae807ae557f18bccfe46ab261fd1c2a9ed700fc6eb17", size = 4782956, upload-time = "2026-07-01T11:55:19.448Z" },
    { url = "https://files.pythonhosted.org/packages/d5/37/25c6692f06927ee973ff18c8d9ee98ad0b4d84ee67a09610c2dd1447958e/pillow-12.3.0-cp314-cp314t-manylinux_2_27_aarch64.manylinux_2_28_aarch64.whl", hash = "sha256:3edce1d53195db527e0191f84b71d02022de0540bf43a16ed734ed7537b07385", size = 6322855, upload-time = "2026-07-01T11:55:21.613Z" },
    { url = "https://files.pythonhosted.org/packages/cc/91/420637fcb8f1bc11029e403b4538e6694744428d8246118e45719f944556/pillow-12.3.0-cp314-cp314t-manylinux_2_27_x86_64.manylinux_2_28_x86_64.whl", hash = "sha256:bf16ba1b4d0b6b7c8e534936632270cf70eb00dbe09005bc345b2677b726855c", size = 6989642, upload-time = "2026-07-01T11:55:24.006Z" },
    { url = "https://files.pythonhosted.org/packages/10/08/b94d7811281ccf0d143a1cf768d1c49e1e54af63e7b708ab2ee3eb87face/pillow-12.3.0-cp314-cp314t-musllinux_1_2_aarch64.whl", hash = "sha256:24870b09b224f7ae3c39ed07d10e819d06f8720bc551847b1d623832b5b0e28d", size = 6391281, upload-time = "2026-07-01T11:55:26.252Z" },
    { url = "https://files.pythonhosted.org/packages/d2/87/24233f785f55474dc02ce3e739c5528a77e3a862e9333d1dd7a25cc31f70/pillow-12.3.0-cp314-cp314t-musllinux_1_2_x86_64.whl", hash = "sha256:30f2aa603c41533cc25c05acd0da21636e84a315768feb631c937177db558931", size = 7096716, upload-time = "2026-07-01T11:55:28.318Z" },
    { url = "https://files.pythonhosted.org/packages/23/26/fcb2f6e37175b04f53570b59937867e2b80ee1685e744023153028fc14f9/pillow-12.3.0-cp314-cp314t-win32.whl", hash = "sha256:4b0a7fe987b14c31ebda6083f74f22b561fd3739bc0ac51e019622e3d72668c7", size = 6474125, upload-time = "2026-07-01T11:55:30.956Z" },
    { url = "https://files.pythonhosted.org/packages/90/de/3634abee5f1c9e13c56787b7d5517b0ba8d6de51700b95578cf338349c9f/pillow-12.3.0-cp314-cp314t-win_amd64.whl", hash = "sha256:962864dc93511324d51ddbb5b9f8731bf71675b93ca612a07441896f4688fb8c", size = 7242939, upload-time = "2026-07-01T11:55:34.044Z" },
    { url = "https://files.pythonhosted.org/packages/ce/2a/fd13f8eb24de5714a6eb444a3d67e2842c6c576e159a43793adf23051351/pillow-12.3.0-cp314-cp314t-win_arm64.whl", hash = "sha256:0740a512dc522224c77d9aa5a8d70d8b7d73fb91f2c21125d8d025d3b8990e45", size = 2567506, upload-time = "2026-07-01T11:55:35.988Z" },
    { url = "https://files.pythonhosted.org/packages/5d/dc/8fdce34ec725a33c81c6ba122b904d6b9024e50ea9ac7bede62fab54506c/pillow-12.3.0-cp315-cp315-ios_13_0_arm64_iphoneos.whl", hash = "sha256:0feb2e9d6ad6c9e3c06effe9d00f3f1e618a6643273576b016f591e9315a7139", size = 4162063, upload-time = "2026-07-01T11:55:37.941Z" },
    { url = "https://files.pythonhosted.org/packages/76/66/2044b9a63d3b84ff048228dfcb7cd9bf0df983e8470971bf7d4c57b693de/pillow-12.3.0-cp315-cp315-ios_13_0_arm64_iphonesimulator.whl", hash = "sha256:9e881fca225083806662a5c43d627d215f258ff43c890f831966c7d7ba9c7402", size = 4255549, upload-time = "2026-07-01T11:55:40.022Z" },
    { url = "https://files.pythonhosted.org/packages/52/7e/1f67e6f4ece6b582ee4b539decbcc9f848dc245a93ed8cd7338bafef72f1/pillow-12.3.0-cp315-cp315-ios_13_0_x86_64_iphonesimulator.whl", hash = "sha256:4998562bf62a445225f22e07c896bb04b35b1b1f2eb6d760584c9c51d7a5f78c", size = 3696331, upload-time = "2026-07-01T11:55:41.98Z" },
    { url = "https://files.pythonhosted.org/packages/12/40/d306fc2c8e4d45d7f175c77edca7063be7b86fe7fe6e68f4353bf71d808c/pillow-12.3.0-cp315-cp315-macosx_10_15_x86_64.whl", hash = "sha256:dc624f6bc473dacdf7ef7eb8678d0d08edf15cd94fad6ae5c7d6cc67a4e4902f", size = 5350370, upload-time = "2026-07-01T11:55:44.028Z" },
    { url = "https://files.pythonhosted.org/packages/dd/44/668fb1437e8ce420f62d6106eb66e44a5971602a4d794615bdf79315d82d/pillow-12.3.0-cp315-cp315-macosx_11_0_arm64.whl", hash = "sha256:71d6097b330eea8fd15097780c8e89cb1a8ce7838669f48c5bacd6f663dd4701", size = 4780147, upload-time = "2026-07-01T11:55:46.073Z" },
    { url = "https://files.pythonhosted.org/packages/0c/08/93fa2e70e30a2d81547e481b6ee2bb9522117221fb1e0ce4b5df70967677/pillow-12.3.0-cp315-cp315-manylinux_2_27_aarch64.manylinux_2_28_aarch64.whl", hash = "sha256:28ce87c5ab450a9dd970b52e5aca5fe63ed432d18a2eaddd1979a00a1ba24ace", size = 6273659, upload-time = "2026-07-01T11:55:48.264Z" },
    { url = "https://files.pythonhosted.org/packages/f8/6d/043e96ff814fc31a33077e4cba86082167db520c93632afdf2042febbb0c/pillow-12.3.0-cp315-cp315-manylinux_2_27_x86_64.manylinux_2_28_x86_64.whl", hash = "sha256:6b02afb9b97f65fbca5f31db6a2a3ba21aa93030225f150fa3f249717e938fb4", size = 6947439, upload-time = "2026-07-01T11:55:50.503Z" },
    { url = "https://files.pythonhosted.org/packages/af/92/ba71d2ee2ac0edf3fa33bd9d5ee9ee080da70b1766f3ca3934f9938ddac9/pillow-12.3.0-cp315-cp315-musllinux_1_2_aarch64.whl", hash = "sha256:1182d52bc2d5e5d7d0949503aa7e36d12f42205dc287e4883f407b1988820d39", size = 6353577, upload-time = "2026-07-01T11:55:52.697Z" },
    { url = "https://files.pythonhosted.org/packages/0f/ce/e63064e2122923ff687c8ad792d0d736a7b3920a56a46982e81a7fdd25d6/pillow-12.3.0-cp315-cp315-musllinux_1_2_x86_64.whl", hash = "sha256:e795b7eb908249c4e43c7c99fac7c2c75dab0c43566e37db472a355f63693d71", size = 7060394, upload-time = "2026-07-01T11:55:55.149Z" },
    { url = "https://files.pythonhosted.org/packages/54/76/a09cc3ccc8d773a7283d34c38bec1708f9e3cc932093cbc4c5e71ac4060b/pillow-12.3.0-cp315-cp315-win32.whl", hash = "sha256:57b3d78c95ba9059768b10e28b813002261d3f3dfc55cc48b0c988f625175827", size = 6467375, upload-time = "2026-07-01T11:55:57.769Z" },
    { url = "https://files.pythonhosted.org/packages/3e/03/1846c49ba3b1d5550392a4bbd06d6fb4578e1cd91a803198b5c90f5f7d53/pillow-12.3.0-cp315-cp315-win_amd64.whl", hash = "sha256:fa4ecea169a355be7a3ade2c783e2ed12f0e40d2c5621cda8b3297faf7fbb9f5", size = 7237048, upload-time = "2026-07-01T11:55:59.975Z" },
    { url = "https://files.pythonhosted.org/packages/fb/bb/89f35dcc79610423f9f195504d7def7f0d1416a711541b42867e25fe3412/pillow-12.3.0-cp315-cp315-win_arm64.whl", hash = "sha256:877c3f311ff35410f690861c4409e7ccbf0cd2f878e50628a28e5a0bb689e658", size = 2566006, upload-time = "2026-07-01T11:56:02.143Z" },
    { url = "https://files.pythonhosted.org/packages/30/88/707027ba09942dfa2c28759b5c222d769290a41c6d20ea60ec250801941f/pillow-12.3.0-cp315-cp315t-macosx_10_15_x86_64.whl", hash = "sha256:e9871b1ffbfa9656b60aeee92ed5136a5742696006fa322b29ea3d8da0ecc9cf", size = 5352509, upload-time = "2026-07-01T11:56:04.2Z" },
    { url = "https://files.pythonhosted.org/packages/b0/6d/00352fa25332c2569cd387851f568cc5a4b75a9adbfb37ac4fbce4c02eec/pillow-12.3.0-cp315-cp315t-macosx_11_0_arm64.whl", hash = "sha256:53aa02d20d10c3d814d536aa4e5ac9b84ca0ff5a88377963b085ad6822f93e64", size = 4783167, upload-time = "2026-07-01T11:56:06.631Z" },
    { url = "https://files.pythonhosted.org/packages/13/4f/9e049dfa21af7c22427275720e2490267ba8138120add5c4c574deb69782/pillow-12.3.0-cp315-cp315t-manylinux_2_27_aarch64.manylinux_2_28_aarch64.whl", hash = "sha256:446c34dcc4324b084a53b705127dc15717b22c5e140ae0a3c38349d4efec071e", size = 6329237, upload-time = "2026-07-01T11:56:08.868Z" },
    { url = "https://files.pythonhosted.org/packages/36/16/cf6eeaae8d0fce8dd390a33437cf68c5d5bd73834a2bc6e2f14efda0ab45/pillow-12.3.0-cp315-cp315t-manylinux_2_27_x86_64.manylinux_2_28_x86_64.whl", hash = "sha256:cf1845d02ad822a369a49f2bb9345b1614744267682e7a03527dc3bf6eea1777", size = 6997047, upload-time = "2026-07-01T11:56:11.379Z" },
    { url = "https://files.pythonhosted.org/packages/1e/69/dbf769bdd55f48bf5733cac28edc6364ffaa072ec9ba336266e4fe66be55/pillow-12.3.0-cp315-cp315t-musllinux_1_2_aarch64.whl", hash = "sha256:186941b6aef820ad110fb01fb06eb925374dc3a21b17e37ec9a53b250c6fe2d1", size = 6400440, upload-time = "2026-07-01T11:56:13.908Z" },
    { url = "https://files.pythonhosted.org/packages/a0/e1/ffc9cfc2eea0d178da8018e18e959301ad9d6bc9f3edb7181e748a474b97/pillow-12.3.0-cp315-cp315t-musllinux_1_2_x86_64.whl", hash = "sha256:f13c32a3abd6079a66d9526e18dad9b6d280384d49d7c54040cd57b6424041d9", size = 7105895, upload-time = "2026-07-01T11:56:16.575Z" },
    { url = "https://files.pythonhosted.org/packages/18/f0/a5595c1e8c3ae44b9828cb2f0fa8155e5095ef04d6327b8f61cf44a3df85/pillow-12.3.0-cp315-cp315t-win32.whl", hash = "sha256:1657923d2d45afb66526e5b933e5b3052e6bdea196c90d3abb2424e18c77dae8", size = 6474384, upload-time = "2026-07-01T11:56:18.855Z" },
    { url = "https://files.pythonhosted.org/packages/e4/04/62bcd9f844984c5938d3b05264a61d797a29d3e0812341a8204af70bbdee/pillow-12.3.0-cp315-cp315t-win_amd64.whl", hash = "sha256:8cd2f7bdda092d99c9fc2fb7391354f306d01443d22785d0cbfafa2e2c8bb418", size = 7243537, upload-time = "2026-07-01T11:56:21.214Z" },
    { url = "https://files.pythonhosted.org/packages/3d/68/1f3066acedf37673694a7141381d8f811ae97f30d34413d236abe7d489f1/pillow-12.3.0-cp315-cp315t-win_arm64.whl", hash = "sha256:06ff022112bc9cbf83b60f8e028d94ad87b60621706487e65f673de61610ab59", size = 2567491, upload-time = "2026-07-01T11:56:23.506Z" },
    { url = "https://files.pythonhosted.org/packages/75/18/2e8b40223153ccbc60df07f9e8928dc0c76202aa4e55ae9f53962b6510d6/pillow-12.3.0-pp311-pypy311_pp73-macosx_10_15_x86_64.whl", hash = "sha256:b3c777e849237620b022f7f297dd67705f9f5cf1685f09f02e46f93e92725468", size = 5302510, upload-time = "2026-07-01T11:56:25.736Z" },
    { url = "https://files.pythonhosted.org/packages/46/3e/51fabf59d5ab801ceab709453d3ab6b180083496579549de4c45ced6528a/pillow-12.3.0-pp311-pypy311_pp73-macosx_11_0_arm64.whl", hash = "sha256:b343699e8308bdc51978310e1c959c584e7869cc8c40780058c87da7781a1e94", size = 4736058, upload-time = "2026-07-01T11:56:28.041Z" },
    { url = "https://files.pythonhosted.org/packages/bf/20/22fe9384b7949e25fb1293bcfc84fb82590ff4ea6b37c95b24d26d793d86/pillow-12.3.0-pp311-pypy311_pp73-manylinux_2_27_aarch64.manylinux_2_28_aarch64.whl", hash = "sha256:fbd139c8447d25dd750ab79ee274cc5e1fe80fc56340ab10b18a195e1b6eca3e", size = 5237776, upload-time = "2026-07-01T11:56:30.263Z" },
    { url = "https://files.pythonhosted.org/packages/08/14/f6ba68107680ffa74b39985f3f30884e41318fbc4250caa423c79b4788bb/pillow-12.3.0-pp311-pypy311_pp73-manylinux_2_27_x86_64.manylinux_2_28_x86_64.whl", hash = "sha256:e7e480451b9fa137494bccd3a7d69adbe8ac65a87d97be61e11f1b1050a5bac3", size = 5860358, upload-time = "2026-07-01T11:56:32.68Z" },
    { url = "https://files.pythonhosted.org/packages/36/54/0169bc772ec491108b62f644f8ecf1fe5d8ae5ebafde2ee2142210166903/pillow-12.3.0-pp311-pypy311_pp73-win_amd64.whl", hash = "sha256:04f01d28a6aaff387bf842a13be313df23ba0597a44f1a976c9feb3c6ff4711a", size = 7231786, upload-time = "2026-07-01T11:56:35.046Z" },
]

[[package]]
name = "pytz"
version = "2026.4"
source = { registry = "https://pypi.org/simple" }
sdist = { url = "https://files.pythonhosted.org/packages/b0/ed/fa23d28713004418bbf2407127f80f385bfb0bf4e677bef02c25c27b00ee/pytz-2026.4.tar.gz", hash = "sha256:464303645bafafd72418898368b2429458f709cf1eb6a15372fbcc396b64da63", size = 318444, upload-time = "2026-09-24T03:58:40.443Z" }
wheels = [
    { url = "https://files.pythonhosted.org/packages/d5/11/e3df59614bebe0ca50c905442603eda64ae7ac19811d4e4f74aa2d51ca85/pytz-2026.4-py2.py3-none-any.whl", hash = "sha256:9d514388fbc89ca0833203464272ac485b8828568ab73532f5020f17e892a0ff", size = 506747, upload-time = "2026-09-24T03:58:38.629Z" },
]

[[package]]
name = "zope-interface"
version = "8.6"
source = { registry = "https://pypi.org/simple" }
sdist = { url = "https://files.pythonhosted.org/packages/26/39/a8481b926e42c44a6fcc670904f8251469ec42edbff1ba066719ca1e7fb4/zope_interface-8.6.tar.gz", hash = "sha256:b40ef9b4873afb5d0dec02b8d2dfde1cf18c72337b60c99cb735961e0bac05c0", size = 257973, upload-time = "2026-08-20T11:18:08.717Z" }
wheels = [
    { url = "https://files.pythonhosted.org/packages/11/56/4cf64b40123af62ed9dad3d689df853d9ff8f431ae06408e087061a9b87a/zope_interface-8.6-cp310-cp310-macosx_10_9_x86_64.whl", hash = "sha256:42fb95008784a3b50c4b79e4488845d1950c57eef17ebc9c53a680084fb93da2", size = 210947, upload-time = "2026-08-20T11:16:52.142Z" },
    { url = "https://files.pythonhosted.org/packages/90/b8/59d9a455a73cae715eacca70003d943e8a8413b196454bb49530c16769bd/zope_interface-8.6-cp310-cp310-macosx_11_0_arm64.whl", hash = "sha256:a2c5963a26e1fe47bdb3494ba2aa91904c7898873af400dc3bdcaa808a57783a", size = 211307, upload-time = "2026-08-20T11:16:54.352Z" },
    { url = "https://files.pythonhosted.org/packages/65/7a/80fa8eb011bf78b72438a0ea0f672efe97ac5c9e9ff07d3304143ef5d611/zope_interface-8.6-cp310-cp310-manylinux1_i686.manylinux2014_i686.manylinux_2_17_i686.manylinux_2_5_i686.whl", hash = "sha256:3e0383361da2793ea332e2d12b753a32ac57b3b89c8c3a9c6dd04374ae142c0f", size = 254894, upload-time = "2026-08-20T11:16:56.063Z" },
    { url = "https://files.pythonhosted.org/packages/2e/02/c82afe287924ddcbc78fd2f4646f16e3ba9d03bf3f5e1ea4bedce711de3c/zope_interface-8.6-cp310-cp310-manylinux1_x86_64.manylinux2014_x86_64.manylinux_2_17_x86_64.manylinux_2_5_x86_64.whl", hash = "sha256:6df4bd16923d247c34e12dc394dab20d99d96aa2e15a6b163c2dda1dd582fff6", size = 259828, upload-time = "2026-08-20T11:16:57.979Z" },
    { url = "https://files.pythonhosted.org/packages/00/9c/53361a3cbf7ae2529d69a252547b129afa44f75d7019a76b15cecad44c91/zope_interface-8.6-cp310-cp310-manylinux2014_aarch64.manylinux_2_17_aarch64.whl", hash = "sha256:6246f7a4b196bd054469f4fd4ffdac307974061f0d2b1ef4da87ddff13a7f885", size = 260368, upload-time = "2026-08-20T11:16:59.727Z" },
    { url = "https://files.pythonhosted.org/packages/7c/82/5c6846d58d41fe09b8da3b4f9b03fa28ccd6f3764588c5ea339063566caa/zope_interface-8.6-cp310-cp310-win_amd64.whl", hash = "sha256:5fbd9deb0477aea769b7d83a4d953d77ef38972d5eddd5b922b614ee708b2104", size = 214231, upload-time = "2026-08-20T11:17:01.582Z" },
    { url = "https://files.pythonhosted.org/packages/df/b0/5715b7635e5e25dd26ae32453e784cab59401078aeb3e401027675068583/zope_interface-8.6-cp311-cp311-macosx_10_9_x86_64.whl", hash = "sha256:dd25d6da3b3c8216080a0eefb3c01719913782690427fb9ba2ddad98ed8970f4", size = 211445, upload-time = "2026-08-20T11:17:03.377Z" },
    { url = "https://files.pythonhosted.org/packages/a2/9b/60a71a998fd819a7b9ed24c3544f862280f222828f421561e28885dcecc5/zope_interface-8.6-cp311-cp311-macosx_11_0_arm64.whl", hash = "sha256:ebb513c9e47702525897148e38271f7b6bf12c61bd084cdddfd0e03b542f8100", size = 211839, upload-time = "2026-08-20T11:17:05.05Z" },
    { url = "https://files.pythonhosted.org/packages/85/55/3092a23c3bdbcc9402ad74e69dae3fa49cc9f12bceef35079c98449bc60e/zope_interface-8.6-cp311-cp311-manylinux1_i686.manylinux2014_i686.manylinux_2_17_i686.manylinux_2_5_i686.whl", hash = "sha256:919510e0d470c189cb84164b953f81e8a513aa2593fdc9e4982340838cd1099b", size = 260720, upload-time = "2026-08-20T11:17:06.755Z" },
    { url = "https://files.pythonhosted.org/packages/41/7d/d3abda21695ee441f2278f226b4b22ecb604cf0d96efb3d39507415abdcb/zope_interface-8.6-cp311-cp311-manylinux1_x86_64.manylinux2014_x86_64.manylinux_2_17_x86_64.manylinux_2_5_x86_64.whl", hash = "sha256:a43e669d68fd8c10fe315812f7e1d262c6c00e9667f29f799a3771f9a3b5b41d", size = 265288, upload-time = "2026-08-20T11:17:08.858Z" },
    { url = "https://files.pythonhosted.org/packages/21/00/27467685e40d5ee01f542c8b0b33682b07af363419f4c64cbb61b8bf48d5/zope_interface-8.6-cp311-cp311-manylinux2014_aarch64.manylinux_2_17_aarch64.whl", hash = "sha256:826f99c38f4bfcf7165885a0c59f03c6c25e0df8cdb0544f882cda61616fe845", size = 266373, upload-time = "2026-08-20T11:17:10.786Z" },
    { url = "https://files.pythonhosted.org/packages/bd/7b/ee35b4a5ee56ff609868291404b3ac30814417912fd8cbf4bbdcf1da8280/zope_interface-8.6-cp311-cp311-win_amd64.whl", hash = "sha256:d97c96c79c389d1031c86f8e797b94db4fe647dfbfebdbe48247c1899dc930bb", size = 214544, upload-time = "2026-08-20T11:17:12.793Z" },
    { url = "https://files.pythonhosted.org/packages/6c/ea/f63bedc8f3331fbd8d74971201bdb0be41ebbeda800aee08e9afcf41f46b/zope_interface-8.6-cp311-cp311-win_arm64.whl", hash = "sha256:ec5a5c01a54fc06b69da71164c9bba8cc71fde79bdd1b835bb734f96bca693f2", size = 213497, upload-time = "2026-08-20T11:17:14.541Z" },
    { url = "https://files.pythonhosted.org/packages/be/0a/33bcf5c825c749205c832e82d14224ff38011d20dd9dbf7a0ffe51a589ae/zope_interface-8.6-cp312-cp312-macosx_10_9_x86_64.whl", hash = "sha256:192bb756a8f62395b4fe47cbb853c171f20389d5226fbfa97128bb2f76abad8d", size = 212192, upload-time = "2026-08-20T11:17:16.522Z" },
    { url = "https://files.pythonhosted.org/packages/17/4f/41bde1796fa8cbb32f50facd261dd4124daa850c29666270e85e2bb8e91a/zope_interface-8.6-cp312-cp312-macosx_11_0_arm64.whl", hash = "sha256:a38b221cc649a2daacaff9d629a2ba9c4a8967669d253f9a6a597f46d46732f0", size = 212337, upload-time = "2026-08-20T11:17:18.305Z" },
    { url = "https://files.pythonhosted.org/packages/98/e1/b2d78ecb8aec59114111ed8c25894c0421afecc5e89b36fc356e2b07a607/zope_interface-8.6-cp312-cp312-manylinux1_i686.manylinux2014_i686.manylinux_2_17_i686.manylinux_2_5_i686.whl", hash = "sha256:780a66db884c0e2b0e6b34b4900f86916945a7c03d3be40ec845b051fcc052cd", size = 265308, upload-time = "2026-08-20T11:17:20.02Z" },
    { url = "https://files.pythonhosted.org/packages/dc/5a/126eeee4da016f5cca4db2297496069d5f1ba901fb53ebf104f9c087a113/zope_interface-8.6-cp312-cp312-manylinux1_x86_64.manylinux2014_x86_64.manylinux_2_17_x86_64.manylinux_2_5_x86_64.whl", hash = "sha256:9217b1123f6aeec9ddf1789bffd83da3123546d551c164a99f862a5d1f5ac0f8", size = 270703, upload-time = "2026-08-20T11:17:22.016Z" },
    { url = "https://files.pythonhosted.org/packages/05/89/7767a6f9b0bb41a4d3777e8f93bfeb1b9a23ea643f83ce96163d9d672c8b/zope_interface-8.6-cp312-cp312-manylinux2014_aarch64.manylinux_2_17_aarch64.whl", hash = "sha256:28b68c24131545c1d13fd2178bbd065e67f09db885d8426adf1fbdf2b6b66372", size = 270292, upload-time = "2026-08-20T11:17:23.905Z" },
    { url = "https://files.pythonhosted.org/packages/1e/66/bd63f493284f492003ebc494e9706abe389fdab45d6d6dd09a21012a7077/zope_interface-8.6-cp312-cp312-win_amd64.whl", hash = "sha256:64ed939d725876071823505b1c90074a86847a6e9be8617cec7ba759e0b86a7e", size = 214371, upload-time = "2026-08-20T11:17:25.606Z" },
    { url = "https://files.pythonhosted.org/packages/1c/03/64069137ef7da70ec796ad9a90ba23796fded06c4e7d06ae600a3141f3cc/zope_interface-8.6-cp312-cp312-win_arm64.whl", hash = "sha256:b08808d1196810f76928ad13d37dae18d92b1c9485c113628f41dbd6351413de", size = 213578, upload-time = "2026-08-20T11:17:27.396Z" },
    { url = "https://files.pythonhosted.org/packages/30/01/860c4879f072968375ec82fabaa5d83256e6ad8d3dce9527b00931e54b10/zope_interface-8.6-cp313-cp313-macosx_10_9_x86_64.whl", hash = "sha256:add6e226c6568de6d0ea9f6abe6353072387afcf5f817610ea266495d0c1ee72", size = 212548, upload-time = "2026-08-20T11:17:29.161Z" },
    { url = "https://files.pythonhosted.org/packages/38/09/d4b7c46c020394c830e749c6c4ca6a2ca0b6defed6f4c2eeeb97116c7343/zope_interface-8.6-cp313-cp313-macosx_11_0_arm64.whl", hash = "sha256:47030c08e39d690299e02973ac845d0f534121b3618efa9ce9599a512a1c97fa", size = 212536, upload-time = "2026-08-20T11:17:30.922Z" },
    { url = "https://files.pythonhosted.org/packages/4c/2d/5b4dbbe618b816f626f2a640fcd9911a461e3733a608c4043a8cc79c12b3/zope_interface-8.6-cp313-cp313-manylinux1_i686.manylinux2014_i686.manylinux_2_17_i686.manylinux_2_5_i686.whl", hash = "sha256:c2bf932006229788d6bb41963dfc0345cba6ee24141a39316bd52a283a7d115f", size = 265203, upload-time = "2026-08-20T11:17:33.059Z" },
    { url = "https://files.pythonhosted.org/packages/79/96/c02befafb8e5d3c92898aa02fffca94d164830013fd0a50c4a652a728712/zope_interface-8.6-cp313-cp313-manylinux1_x86_64.manylinux2014_x86_64.manylinux_2_17_x86_64.manylinux_2_5_x86_64.whl", hash = "sha256:09522cdc6a77376bc36988b531db3b568c8cb0b6ca7286d8316aab283888770f", size = 270637, upload-time = "2026-08-20T11:17:35.167Z" },
    { url = "https://files.pythonhosted.org/packages/fa/c4/d61b18724597ca62c1a3a753370fff7b76f43c01b44e9a13c18e2300eaf0/zope_interface-8.6-cp313-cp313-manylinux2014_aarch64.manylinux_2_17_aarch64.whl", hash = "sha256:edf1bd7ed576319241b2b314eaa549cee3e3e0f81f46911086b387d03a303ad3", size = 270456, upload-time = "2026-08-20T11:17:37.146Z" },
    { url = "https://files.pythonhosted.org/packages/0c/7a/96f177daba3f9d9d69d42659ae6c602c76b1d725e7dddff08ed49d9d02af/zope_interface-8.6-cp313-cp313-win_amd64.whl", hash = "sha256:00fd6a6da085beb90cdcdce6ed6e6973edf338d1ea63a807e213b1eb7013833d", size = 214763, upload-time = "2026-08-20T11:17:39.064Z" },
    { url = "https://files.pythonhosted.org/packages/d0/34/ce4a0ff71a1a93bd403c511307d70d32ae876e657d96063985f6672c92ec/zope_interface-8.6-cp313-cp313-win_arm64.whl", hash = "sha256:105da41198a1990b18d566bd30656a19064d4c313e4c0dd8f0dd9714026e47f1", size = 213621, upload-time = "2026-08-20T11:17:40.805Z" },
    { url = "https://files.pythonhosted.org/packages/3d/28/8ec94b15ebde2da2ebe643aac3c4238a55c2e95b746049721b50908ecafe/zope_interface-8.6-cp314-cp314-macosx_10_9_x86_64.whl", hash = "sha256:449727fc79f0b1317ec190632e13699b732d3f4704ea90c8e1339bb78e451bee", size = 212628, upload-time = "2026-08-20T11:17:42.566Z" },
    { url = "https://files.pythonhosted.org/packages/85/47/f06d4dbbc1464d9d4520b9c047d4a0f0062264eeb2c0b7fd1bec79a9327d/zope_interface-8.6-cp314-cp314-macosx_11_0_arm64.whl", hash = "sha256:81793c9b12816ac7f8b71b366be36b7025fcf7205ec4a236642b15a82cb027ef", size = 212627, upload-time = "2026-08-20T11:17:44.571Z" },
    { url = "https://files.pythonhosted.org/packages/1c/56/01f84b4e966a32088e9076b1e7b2afa310f52bf9b9a077d2958cf66e81aa/zope_interface-8.6-cp314-cp314-manylinux1_i686.manylinux2014_i686.manylinux_2_17_i686.manylinux_2_5_i686.whl", hash = "sha256:a91eb220d9ae6aa6d746d6dac5b4db35b1417903301b3315ba3275b19570be0b", size = 266840, upload-time = "2026-08-20T11:17:46.366Z" },
    { url = "https://files.pythonhosted.org/packages/c6/40/2a644e32cd6f0516e7df1fc0c58e544a8cc11ba06b0d55d308519b02459d/zope_interface-8.6-cp314-cp314-manylinux1_x86_64.manylinux2014_x86_64.manylinux_2_17_x86_64.manylinux_2_5_x86_64.whl", hash = "sha256:3f7f6da49911ffe75ae3f7a9a45619f205420cc6578aff02f8ca29ed1de10f14", size = 270145, upload-time = "2026-08-20T11:17:48.195Z" },
    { url = "https://files.pythonhosted.org/packages/1e/18/02ebd81feff11a2766159fcb49c5b773fef5ae4414c38fb19114aad9e961/zope_interface-8.6-cp314-cp314-manylinux2014_aarch64.manylinux_2_17_aarch64.whl", hash = "sha256:ef15a2f6258f809334a19c1fcce64648813066ceebe3f3f6077871483fd0f50d", size = 270351, upload-time = "2026-08-20T11:17:50.07Z" },
    { url = "https://files.pythonhosted.org/packages/26/56/0725e960cf581399b7f4136d5951f7d87bc659492e49db1794334f6c5153/zope_interface-8.6-cp314-cp314-win_amd64.whl", hash = "sha256:5ef166337880b0e78138bbd32fcbc5ab1da3337febe8d2a247f3690bcae3ede5", size = 215098, upload-time = "2026-08-20T11:17:52.062Z" },
    { url = "https://files.pythonhosted.org/packages/f1/b3/7f864a6f9d9aebddceaac0a8c5cab0b450090f42fe316e48e6dd0c684478/zope_interface-8.6-cp314-cp314-win_arm64.whl", hash = "sha256:23ae710094fdcfcf715dae7054cd5abfefa4a527c5853d7b76ebb2541499c41a", size = 213759, upload-time = "2026-08-20T11:17:54.157Z" },
    { url = "https://files.pythonhosted.org/packages/19/b8/2f7a65ac046d3bb54e4a0664acfa152021804aa4101cbbec11526740c8af/zope_interface-8.6-cp314-cp314t-macosx_10_9_x86_64.whl", hash = "sha256:a84ac0010f054f3516710804a0c22026b4b0d30085d7666cfc2f30545775bf99", size = 213631, upload-time = "2026-08-20T11:17:56.063Z" },
    { url = "https://files.pythonhosted.org/packages/12/c1/889dc114e9a9e8d59fec53facb71dd26345f60c504ad20fd17121af0449c/zope_interface-8.6-cp314-cp314t-macosx_11_0_arm64.whl", hash = "sha256:e36adea8ab93eb4d2076a47d5f4c7d7e1267eb9a4e33202da7ea71439a3bcaef", size = 213713, upload-time = "2026-08-20T11:17:57.998Z" },
    { url = "https://files.pythonhosted.org/packages/a9/96/ac48a6b7cfe972e4a9b0d7ec8b9f36a7956cc95d72029f0013ff096c55af/zope_interface-8.6-cp314-cp314t-manylinux1_i686.manylinux2014_i686.manylinux_2_17_i686.manylinux_2_5_i686.whl", hash = "sha256:5dbe120cfcfc8e6aed418f340c3d1ad4072253e17176503e363ddac27fcb2ac6", size = 294916, upload-time = "2026-08-20T11:17:59.952Z" },
    { url = "https://files.pythonhosted.org/packages/a2/54/4df4bb0b1aace2298386375ab2fb752378683b558d2db713e25c40a3e96a/zope_interface-8.6-cp314-cp314t-manylinux1_x86_64.manylinux2014_x86_64.manylinux_2_17_x86_64.manylinux_2_5_x86_64.whl", hash = "sha256:27e6de8e593736210d2a9f1bbf766a5653aa4819c184f864ab9d1f8bd3590a60", size = 300898, upload-time = "2026-08-20T11:18:02.224Z" },
    { url = "https://files.pythonhosted.org/packages/08/9c/0c8c80c1eeb62ac0c3ed1f51ad8cdd6da9373c53247c659c49f0ea29f742/zope_interface-8.6-cp314-cp314t-manylinux2014_aarch64.manylinux_2_17_aarch64.whl", hash = "sha256:66ab8c5d8820aa378968c16b7a3cb051aca342eafa649c9a363182f572d75ccb", size = 304684, upload-time = "2026-08-20T11:18:04.105Z" },
    { url = "https://files.pythonhosted.org/packages/54/69/3afc11a58b9ea814fdfb9297a8c36d10871c1f0cc06d42c106282109b952/zope_interface-8.6-cp314-cp314t-win_amd64.whl", hash = "sha256:fcc86414ee0e6b77416de81b8dead5900719b3f71b7875d8d1f87ae4e166a11f", size = 215500, upload-time = "2026-08-20T11:18:06.259Z" },
]
